
Microsoft Visual Studio Solution File, Format Version 12.00
# Visual Studio 15
VisualStudioVersion = 15.0.28307.1000
MinimumVisualStudioVersion = 10.0.40219.1
Project("{2150E333-8FDC-42A3-9474-1A3956D46DE8}") = "Framework", "Framework", "{75F3C1F8-E92C-4100-B664-78E439CA6DED}"
EndProject
Project("{8BC9CEB8-8B4A-11D0-8D11-00A0C91BC942}") = "Core", "Framework\Core\Core.vcxproj", "{71886C49-DC83-4AA6-AE34-601E516430BF}"
EndProject
Project("{2150E333-8FDC-42A3-9474-1A3956D46DE8}") = "UnitTests", "UnitTests", "{7399A153-40A7-4664-8A18-7670F5B9FDE4}"
EndProject
Project("{8BC9CEB8-8B4A-11D0-8D11-00A0C91BC942}") = "CoreTest", "UnitTests\CoreTest\CoreTest.vcxproj", "{882303E3-63EC-4B43-9907-7B564FD21E28}"
EndProject
Project("{8BC9CEB8-8B4A-11D0-8D11-00A0C91BC942}") = "Math", "Framework\Math\Math.vcxproj", "{557E132E-411D-4464-B981-7F2D9E5B8454}"
EndProject
Project("{8BC9CEB8-8B4A-11D0-8D11-00A0C91BC942}") = "MathTest", "UnitTests\MathTest\MathTest.vcxproj", "{46FE420D-626C-4B43-87FD-082B0ABCECB8}"
EndProject
Project("{2150E333-8FDC-42A3-9474-1A3956D46DE8}") = "Engine", "Engine", "{35F19A9C-21C8-4210-9A6D-D259336ECDCB}"
EndProject
Project("{8BC9CEB8-8B4A-11D0-8D11-00A0C91BC942}") = "KWSE", "Engine\KWSE\KWSE.vcxproj", "{466BF4DA-1793-4AE1-BF07-3499E184BA80}"
EndProject
Project("{2150E333-8FDC-42A3-9474-1A3956D46DE8}") = "VGP242", "VGP242", "{6C57F439-8EAA-497F-BD11-94262D4EBD20}"
EndProject
Project("{8BC9CEB8-8B4A-11D0-8D11-00A0C91BC942}") = "01_HelloWindow", "VGP242\01_HelloWindow\01_HelloWindow.vcxproj", "{8CA78C8D-7C95-4215-B1B4-E86B16F1646E}"
EndProject
Project("{8BC9CEB8-8B4A-11D0-8D11-00A0C91BC942}") = "Graphics", "Framework\Graphics\Graphics.vcxproj", "{A60EB9C2-4738-43E7-BD9D-E3CC9B5E9C34}"
EndProject
Project("{8BC9CEB8-8B4A-11D0-8D11-00A0C91BC942}") = "02_HelloDirectX", "VGP242\02_HelloDirectX\02_HelloDirectX.vcxproj", "{80135703-2A0E-4326-A2DC-39C9F9831309}"
EndProject
Project("{8BC9CEB8-8B4A-11D0-8D11-00A0C91BC942}") = "Input", "Framework\Input\Input.vcxproj", "{361B75BC-C619-4025-AF24-18C01B197AB8}"
EndProject
Project("{2150E333-8FDC-42A3-9474-1A3956D46DE8}") = "External", "External", "{670BC9FB-68B6-4DBB-BCB0-7149D64DCAA8}"
EndProject
Project("{8BC9CEB8-8B4A-11D0-8D11-00A0C91BC942}") = "DirectXTK_Desktop_2017", "External\DirectXTK\DirectXTK_Desktop_2017.vcxproj", "{E0B52AE7-E160-4D32-BF3F-910B785E5A8E}"
EndProject
Project("{8BC9CEB8-8B4A-11D0-8D11-00A0C91BC942}") = "DirectXTKAudio_Desktop_2017_Win8", "External\DirectXTK\Audio\DirectXTKAudio_Desktop_2017_Win8.vcxproj", "{4F150A30-CECB-49D1-8283-6A3F57438CF5}"
EndProject
Project("{8BC9CEB8-8B4A-11D0-8D11-00A0C91BC942}") = "03_HelloTriangle", "VGP242\03_HelloTriangle\03_HelloTriangle.vcxproj", "{03106871-8BFC-4F22-AA41-F995D69C80B5}"
EndProject
Project("{8BC9CEB8-8B4A-11D0-8D11-00A0C91BC942}") = "04_HelloShaders", "VGP242\04_HelloShaders\04_HelloShaders.vcxproj", "{CC6328D1-2E9D-424B-B092-C1A92830099A}"
EndProject
Project("{2150E333-8FDC-42A3-9474-1A3956D46DE8}") = "Assets", "Assets", "{258D5CE8-17EB-42D5-ABA0-0BCC84E66C04}"
EndProject
Project("{2150E333-8FDC-42A3-9474-1A3956D46DE8}") = "Shaders", "Shaders", "{B20E9147-8412-44B7-9A18-AAA03187C134}"
	ProjectSection(SolutionItems) = preProject
		Assets\Shaders\Bloom.fx = Assets\Shaders\Bloom.fx
		Assets\Shaders\DarkStandard.fx = Assets\Shaders\DarkStandard.fx
		Assets\Shaders\DepthMap.fx = Assets\Shaders\DepthMap.fx
		Assets\Shaders\DoGouraudShading.fx = Assets\Shaders\DoGouraudShading.fx
		Assets\Shaders\DoNothing.fx = Assets\Shaders\DoNothing.fx
		Assets\Shaders\DoPhongShading.fx = Assets\Shaders\DoPhongShading.fx
		Assets\Shaders\DoSomething.fx = Assets\Shaders\DoSomething.fx
		Assets\Shaders\DoTexturing.fx = Assets\Shaders\DoTexturing.fx
		Assets\Shaders\DoTransform.fx = Assets\Shaders\DoTransform.fx
		Assets\Shaders\GaussianBlur.fx = Assets\Shaders\GaussianBlur.fx
		Assets\Shaders\Particles.fx = Assets\Shaders\Particles.fx
		Assets\Shaders\PostProcess.fx = Assets\Shaders\PostProcess.fx
		Assets\Shaders\PostProcessOilPainting.fx = Assets\Shaders\PostProcessOilPainting.fx
		Assets\Shaders\PostProcessOilPainting_S.fx = Assets\Shaders\PostProcessOilPainting_S.fx
		Assets\Shaders\SimpleDraw.fx = Assets\Shaders\SimpleDraw.fx
		Assets\Shaders\Skybox.fx = Assets\Shaders\Skybox.fx
		Assets\Shaders\Standard.fx = Assets\Shaders\Standard.fx
	EndProjectSection
EndProject
Project("{8BC9CEB8-8B4A-11D0-8D11-00A0C91BC942}") = "05_HelloCube", "VGP242\05_HelloCube\05_HelloCube.vcxproj", "{01309542-FDDB-4B2F-AB82-85DD73CFEA2E}"
EndProject
Project("{8BC9CEB8-8B4A-11D0-8D11-00A0C91BC942}") = "06_HelloTexturing", "VGP242\06_HelloTexturing\06_HelloTexturing.vcxproj", "{775A9B3D-CC07-419B-919E-B6531696BED1}"
EndProject
Project("{8BC9CEB8-8B4A-11D0-8D11-00A0C91BC942}") = "07_HelloSimpleDraw", "VGP242\07_HelloSimpleDraw\07_HelloSimpleDraw.vcxproj", "{A5D71F37-8B63-4C22-948E-B865DB0BA829}"
EndProject
Project("{8BC9CEB8-8B4A-11D0-8D11-00A0C91BC942}") = "ImGui", "External\ImGui\ImGui.vcxproj", "{775F1C26-9D5C-4627-904B-9919551EF687}"
EndProject
Project("{8BC9CEB8-8B4A-11D0-8D11-00A0C91BC942}") = "08_HelloObjModel", "VGP242\08_HelloObjModel\08_HelloObjModel.vcxproj", "{8814116B-F6CD-45C7-AFFD-F824241A99CA}"
EndProject
Project("{8BC9CEB8-8B4A-11D0-8D11-00A0C91BC942}") = "09_HelloSolarSystem", "VGP242\09_HelloSolarSystem\09_HelloSolarSystem.vcxproj", "{F05626A1-980D-42FF-98DC-F25A63C5BBF6}"
EndProject
Project("{8BC9CEB8-8B4A-11D0-8D11-00A0C91BC942}") = "AI", "Framework\AI\AI.vcxproj", "{8A3FF389-DF4A-476E-9D7D-26BF0A53B6EB}"
EndProject
Project("{2150E333-8FDC-42A3-9474-1A3956D46DE8}") = "VGP330", "VGP330", "{B23D2D4B-6CFF-4A38-8CA4-3BACFB5BE0FE}"
EndProject
Project("{8BC9CEB8-8B4A-11D0-8D11-00A0C91BC942}") = "09_HelloLighting", "VGP330\09_HelloLighting\09_HelloLighting.vcxproj", "{73CC812F-7F46-49EF-B026-BE78A13EE508}"
EndProject
Project("{8BC9CEB8-8B4A-11D0-8D11-00A0C91BC942}") = "10_HelloEarth", "VGP330\10_HelloEarth\10_HelloEarth.vcxproj", "{8B13A907-1CCA-4A31-B2B1-79AB46059604}"
EndProject
Project("{2150E333-8FDC-42A3-9474-1A3956D46DE8}") = "VGP337", "VGP337", "{F79DA8D6-BB7B-4CB9-9858-BA986F881591}"
EndProject
Project("{8BC9CEB8-8B4A-11D0-8D11-00A0C91BC942}") = "LinearRegression", "VGP337\LinearRegression\LinearRegression.vcxproj", "{E45D5D89-E28A-44FB-AE90-9E71117BBD75}"
EndProject
Project("{8BC9CEB8-8B4A-11D0-8D11-00A0C91BC942}") = "ML", "Framework\ML\ML.vcxproj", "{1A59DEAF-0FF0-494D-8764-C60F7AB513ED}"
EndProject
Project("{8BC9CEB8-8B4A-11D0-8D11-00A0C91BC942}") = "11_HelloPostProcessing", "VGP330\11_HelloPostProcessing\11_HelloPostProcessing.vcxproj", "{BCAAD1D1-347F-4DFF-943E-68A35C617971}"
EndProject
Project("{8BC9CEB8-8B4A-11D0-8D11-00A0C91BC942}") = "LogisticRegression", "VGP337\LogisticRegression\LogisticRegression.vcxproj", "{A2A774E1-B33D-406B-8FCC-94D672173F51}"
EndProject
Project("{8BC9CEB8-8B4A-11D0-8D11-00A0C91BC942}") = "KMeans", "VGP337\KMeans\KMeans.vcxproj", "{357C0195-541C-423F-A67E-DEBFC4B77D54}"
EndProject
Project("{8BC9CEB8-8B4A-11D0-8D11-00A0C91BC942}") = "12_HelloBloom", "VGP330\12_HelloBloom\12_HelloBloom.vcxproj", "{7470AB97-F6E8-429C-9D1B-E08E4D0A322F}"
EndProject
Project("{8BC9CEB8-8B4A-11D0-8D11-00A0C91BC942}") = "13_HelloShadow", "VGP330\13_HelloShadow\13_HelloShadow.vcxproj", "{A07652CD-AE7E-4091-993F-CC6E09704E7F}"
EndProject
Project("{2150E333-8FDC-42A3-9474-1A3956D46DE8}") = "Solution Items", "Solution Items", "{92375F24-349E-4CED-A288-9232D8565F40}"
	ProjectSection(SolutionItems) = preProject
		Assets\Shaders\DepthMap.fx = Assets\Shaders\DepthMap.fx
	EndProjectSection
EndProject
Project("{8BC9CEB8-8B4A-11D0-8D11-00A0C91BC942}") = "NeuralNetwork", "VGP337\NeuralNetwork\NeuralNetwork.vcxproj", "{88F73C41-D98A-4A00-8E0F-3C3F72590D00}"
EndProject
Project("{2150E333-8FDC-42A3-9474-1A3956D46DE8}") = "Project", "Project", "{F352614C-6F40-473C-86D3-D4E270C7A585}"
EndProject
Project("{8BC9CEB8-8B4A-11D0-8D11-00A0C91BC942}") = "Checker", "Project\Checker\Checker.vcxproj", "{93307D56-A598-4E40-8284-DE214BA43D14}"
EndProject
Project("{8BC9CEB8-8B4A-11D0-8D11-00A0C91BC942}") = "GA", "VGP337\GA\GA.vcxproj", "{C5B4D5E6-5928-49F4-8B55-75BF128200E9}"
EndProject
Project("{8BC9CEB8-8B4A-11D0-8D11-00A0C91BC942}") = "GA_Path", "VGP337\GA_Path\GA_Path.vcxproj", "{E76AE204-511C-4AEA-88CF-A1A3AE3B61BA}"
EndProject
Project("{8BC9CEB8-8B4A-11D0-8D11-00A0C91BC942}") = "14_HelloFinalShader", "VGP330\14_HelloFinalShader\14_HelloFinalShader.vcxproj", "{6DB3CE80-F0E7-4ED8-BA72-D89BD1C13868}"
EndProject
Project("{8BC9CEB8-8B4A-11D0-8D11-00A0C91BC942}") = "GA_TSP", "VGP337\GA_TSP\GA_TSP.vcxproj", "{6C82AF58-FA76-4DA8-B8B9-95C56BB74131}"
EndProject
Project("{8BC9CEB8-8B4A-11D0-8D11-00A0C91BC942}") = "15_HelloTestSprite", "VGP330\15_HelloTestSprite\15_HelloTestSprite.vcxproj", "{0D16BE11-0833-4BD0-8CC8-0590D7A56217}"
EndProject
Project("{8BC9CEB8-8B4A-11D0-8D11-00A0C91BC942}") = "FW1FontWrapper", "External\FW1FontWrapper\FW1FontWrapper.vcxproj", "{C813E58B-976C-4E40-B7B4-77676256FD7B}"
EndProject
Project("{8BC9CEB8-8B4A-11D0-8D11-00A0C91BC942}") = "Neat_Bird", "VGP337\Neat_Bird\Neat_Bird.vcxproj", "{771AFD24-ED6F-4C8E-A718-B0D4E6DB543E}"
EndProject
Project("{2150E333-8FDC-42A3-9474-1A3956D46DE8}") = "VGP334", "VGP334", "{90D50E27-6D95-450A-8B1D-AEC7197B7F0C}"
EndProject
Project("{8BC9CEB8-8B4A-11D0-8D11-00A0C91BC942}") = "16_HelloQuaternion", "VGP334\16_HelloQuaternion\16_HelloQuaternion.vcxproj", "{6FC4C555-B35F-4214-8BC9-12EC0081CEE3}"
EndProject
Project("{8BC9CEB8-8B4A-11D0-8D11-00A0C91BC942}") = "17_HelloSimpleAnimation", "VGP334\17_HelloSimpleAnimation\17_HelloSimpleAnimation.vcxproj", "{3E839718-C044-4555-8CB1-7B4239D5A66F}"
EndProject
Global
	GlobalSection(SolutionConfigurationPlatforms) = preSolution
		Debug|x64 = Debug|x64
		Debug|x86 = Debug|x86
		Release|x64 = Release|x64
		Release|x86 = Release|x86
	EndGlobalSection
	GlobalSection(ProjectConfigurationPlatforms) = postSolution
		{71886C49-DC83-4AA6-AE34-601E516430BF}.Debug|x64.ActiveCfg = Debug|x64
		{71886C49-DC83-4AA6-AE34-601E516430BF}.Debug|x64.Build.0 = Debug|x64
		{71886C49-DC83-4AA6-AE34-601E516430BF}.Debug|x86.ActiveCfg = Debug|Win32
		{71886C49-DC83-4AA6-AE34-601E516430BF}.Debug|x86.Build.0 = Debug|Win32
		{71886C49-DC83-4AA6-AE34-601E516430BF}.Release|x64.ActiveCfg = Release|x64
		{71886C49-DC83-4AA6-AE34-601E516430BF}.Release|x64.Build.0 = Release|x64
		{71886C49-DC83-4AA6-AE34-601E516430BF}.Release|x86.ActiveCfg = Release|Win32
		{71886C49-DC83-4AA6-AE34-601E516430BF}.Release|x86.Build.0 = Release|Win32
		{882303E3-63EC-4B43-9907-7B564FD21E28}.Debug|x64.ActiveCfg = Debug|x64
		{882303E3-63EC-4B43-9907-7B564FD21E28}.Debug|x64.Build.0 = Debug|x64
		{882303E3-63EC-4B43-9907-7B564FD21E28}.Debug|x86.ActiveCfg = Debug|Win32
		{882303E3-63EC-4B43-9907-7B564FD21E28}.Debug|x86.Build.0 = Debug|Win32
		{882303E3-63EC-4B43-9907-7B564FD21E28}.Release|x64.ActiveCfg = Release|x64
		{882303E3-63EC-4B43-9907-7B564FD21E28}.Release|x64.Build.0 = Release|x64
		{882303E3-63EC-4B43-9907-7B564FD21E28}.Release|x86.ActiveCfg = Release|Win32
		{882303E3-63EC-4B43-9907-7B564FD21E28}.Release|x86.Build.0 = Release|Win32
		{557E132E-411D-4464-B981-7F2D9E5B8454}.Debug|x64.ActiveCfg = Debug|x64
		{557E132E-411D-4464-B981-7F2D9E5B8454}.Debug|x64.Build.0 = Debug|x64
		{557E132E-411D-4464-B981-7F2D9E5B8454}.Debug|x86.ActiveCfg = Debug|Win32
		{557E132E-411D-4464-B981-7F2D9E5B8454}.Debug|x86.Build.0 = Debug|Win32
		{557E132E-411D-4464-B981-7F2D9E5B8454}.Release|x64.ActiveCfg = Release|x64
		{557E132E-411D-4464-B981-7F2D9E5B8454}.Release|x64.Build.0 = Release|x64
		{557E132E-411D-4464-B981-7F2D9E5B8454}.Release|x86.ActiveCfg = Release|Win32
		{557E132E-411D-4464-B981-7F2D9E5B8454}.Release|x86.Build.0 = Release|Win32
		{46FE420D-626C-4B43-87FD-082B0ABCECB8}.Debug|x64.ActiveCfg = Debug|x64
		{46FE420D-626C-4B43-87FD-082B0ABCECB8}.Debug|x64.Build.0 = Debug|x64
		{46FE420D-626C-4B43-87FD-082B0ABCECB8}.Debug|x86.ActiveCfg = Debug|Win32
		{46FE420D-626C-4B43-87FD-082B0ABCECB8}.Debug|x86.Build.0 = Debug|Win32
		{46FE420D-626C-4B43-87FD-082B0ABCECB8}.Release|x64.ActiveCfg = Release|x64
		{46FE420D-626C-4B43-87FD-082B0ABCECB8}.Release|x64.Build.0 = Release|x64
		{46FE420D-626C-4B43-87FD-082B0ABCECB8}.Release|x86.ActiveCfg = Release|Win32
		{46FE420D-626C-4B43-87FD-082B0ABCECB8}.Release|x86.Build.0 = Release|Win32
		{466BF4DA-1793-4AE1-BF07-3499E184BA80}.Debug|x64.ActiveCfg = Debug|x64
		{466BF4DA-1793-4AE1-BF07-3499E184BA80}.Debug|x64.Build.0 = Debug|x64
		{466BF4DA-1793-4AE1-BF07-3499E184BA80}.Debug|x86.ActiveCfg = Debug|Win32
		{466BF4DA-1793-4AE1-BF07-3499E184BA80}.Debug|x86.Build.0 = Debug|Win32
		{466BF4DA-1793-4AE1-BF07-3499E184BA80}.Release|x64.ActiveCfg = Release|x64
		{466BF4DA-1793-4AE1-BF07-3499E184BA80}.Release|x64.Build.0 = Release|x64
		{466BF4DA-1793-4AE1-BF07-3499E184BA80}.Release|x86.ActiveCfg = Release|Win32
		{466BF4DA-1793-4AE1-BF07-3499E184BA80}.Release|x86.Build.0 = Release|Win32
		{8CA78C8D-7C95-4215-B1B4-E86B16F1646E}.Debug|x64.ActiveCfg = Debug|x64
		{8CA78C8D-7C95-4215-B1B4-E86B16F1646E}.Debug|x64.Build.0 = Debug|x64
		{8CA78C8D-7C95-4215-B1B4-E86B16F1646E}.Debug|x86.ActiveCfg = Debug|Win32
		{8CA78C8D-7C95-4215-B1B4-E86B16F1646E}.Debug|x86.Build.0 = Debug|Win32
		{8CA78C8D-7C95-4215-B1B4-E86B16F1646E}.Release|x64.ActiveCfg = Release|x64
		{8CA78C8D-7C95-4215-B1B4-E86B16F1646E}.Release|x64.Build.0 = Release|x64
		{8CA78C8D-7C95-4215-B1B4-E86B16F1646E}.Release|x86.ActiveCfg = Release|Win32
		{8CA78C8D-7C95-4215-B1B4-E86B16F1646E}.Release|x86.Build.0 = Release|Win32
		{A60EB9C2-4738-43E7-BD9D-E3CC9B5E9C34}.Debug|x64.ActiveCfg = Debug|x64
		{A60EB9C2-4738-43E7-BD9D-E3CC9B5E9C34}.Debug|x64.Build.0 = Debug|x64
		{A60EB9C2-4738-43E7-BD9D-E3CC9B5E9C34}.Debug|x86.ActiveCfg = Debug|Win32
		{A60EB9C2-4738-43E7-BD9D-E3CC9B5E9C34}.Debug|x86.Build.0 = Debug|Win32
		{A60EB9C2-4738-43E7-BD9D-E3CC9B5E9C34}.Release|x64.ActiveCfg = Release|x64
		{A60EB9C2-4738-43E7-BD9D-E3CC9B5E9C34}.Release|x64.Build.0 = Release|x64
		{A60EB9C2-4738-43E7-BD9D-E3CC9B5E9C34}.Release|x86.ActiveCfg = Release|Win32
		{A60EB9C2-4738-43E7-BD9D-E3CC9B5E9C34}.Release|x86.Build.0 = Release|Win32
		{80135703-2A0E-4326-A2DC-39C9F9831309}.Debug|x64.ActiveCfg = Debug|x64
		{80135703-2A0E-4326-A2DC-39C9F9831309}.Debug|x64.Build.0 = Debug|x64
		{80135703-2A0E-4326-A2DC-39C9F9831309}.Debug|x86.ActiveCfg = Debug|Win32
		{80135703-2A0E-4326-A2DC-39C9F9831309}.Debug|x86.Build.0 = Debug|Win32
		{80135703-2A0E-4326-A2DC-39C9F9831309}.Release|x64.ActiveCfg = Release|x64
		{80135703-2A0E-4326-A2DC-39C9F9831309}.Release|x64.Build.0 = Release|x64
		{80135703-2A0E-4326-A2DC-39C9F9831309}.Release|x86.ActiveCfg = Release|Win32
		{80135703-2A0E-4326-A2DC-39C9F9831309}.Release|x86.Build.0 = Release|Win32
		{361B75BC-C619-4025-AF24-18C01B197AB8}.Debug|x64.ActiveCfg = Debug|x64
		{361B75BC-C619-4025-AF24-18C01B197AB8}.Debug|x64.Build.0 = Debug|x64
		{361B75BC-C619-4025-AF24-18C01B197AB8}.Debug|x86.ActiveCfg = Debug|Win32
		{361B75BC-C619-4025-AF24-18C01B197AB8}.Debug|x86.Build.0 = Debug|Win32
		{361B75BC-C619-4025-AF24-18C01B197AB8}.Release|x64.ActiveCfg = Release|x64
		{361B75BC-C619-4025-AF24-18C01B197AB8}.Release|x64.Build.0 = Release|x64
		{361B75BC-C619-4025-AF24-18C01B197AB8}.Release|x86.ActiveCfg = Release|Win32
		{361B75BC-C619-4025-AF24-18C01B197AB8}.Release|x86.Build.0 = Release|Win32
		{E0B52AE7-E160-4D32-BF3F-910B785E5A8E}.Debug|x64.ActiveCfg = Debug|x64
		{E0B52AE7-E160-4D32-BF3F-910B785E5A8E}.Debug|x64.Build.0 = Debug|x64
		{E0B52AE7-E160-4D32-BF3F-910B785E5A8E}.Debug|x86.ActiveCfg = Debug|Win32
		{E0B52AE7-E160-4D32-BF3F-910B785E5A8E}.Debug|x86.Build.0 = Debug|Win32
		{E0B52AE7-E160-4D32-BF3F-910B785E5A8E}.Release|x64.ActiveCfg = Release|x64
		{E0B52AE7-E160-4D32-BF3F-910B785E5A8E}.Release|x64.Build.0 = Release|x64
		{E0B52AE7-E160-4D32-BF3F-910B785E5A8E}.Release|x86.ActiveCfg = Release|Win32
		{E0B52AE7-E160-4D32-BF3F-910B785E5A8E}.Release|x86.Build.0 = Release|Win32
		{4F150A30-CECB-49D1-8283-6A3F57438CF5}.Debug|x64.ActiveCfg = Debug|x64
		{4F150A30-CECB-49D1-8283-6A3F57438CF5}.Debug|x64.Build.0 = Debug|x64
		{4F150A30-CECB-49D1-8283-6A3F57438CF5}.Debug|x86.ActiveCfg = Debug|Win32
		{4F150A30-CECB-49D1-8283-6A3F57438CF5}.Debug|x86.Build.0 = Debug|Win32
		{4F150A30-CECB-49D1-8283-6A3F57438CF5}.Release|x64.ActiveCfg = Release|x64
		{4F150A30-CECB-49D1-8283-6A3F57438CF5}.Release|x64.Build.0 = Release|x64
		{4F150A30-CECB-49D1-8283-6A3F57438CF5}.Release|x86.ActiveCfg = Release|Win32
		{4F150A30-CECB-49D1-8283-6A3F57438CF5}.Release|x86.Build.0 = Release|Win32
		{03106871-8BFC-4F22-AA41-F995D69C80B5}.Debug|x64.ActiveCfg = Debug|x64
		{03106871-8BFC-4F22-AA41-F995D69C80B5}.Debug|x64.Build.0 = Debug|x64
		{03106871-8BFC-4F22-AA41-F995D69C80B5}.Debug|x86.ActiveCfg = Debug|Win32
		{03106871-8BFC-4F22-AA41-F995D69C80B5}.Debug|x86.Build.0 = Debug|Win32
		{03106871-8BFC-4F22-AA41-F995D69C80B5}.Release|x64.ActiveCfg = Release|x64
		{03106871-8BFC-4F22-AA41-F995D69C80B5}.Release|x64.Build.0 = Release|x64
		{03106871-8BFC-4F22-AA41-F995D69C80B5}.Release|x86.ActiveCfg = Release|Win32
		{03106871-8BFC-4F22-AA41-F995D69C80B5}.Release|x86.Build.0 = Release|Win32
		{CC6328D1-2E9D-424B-B092-C1A92830099A}.Debug|x64.ActiveCfg = Debug|x64
		{CC6328D1-2E9D-424B-B092-C1A92830099A}.Debug|x64.Build.0 = Debug|x64
		{CC6328D1-2E9D-424B-B092-C1A92830099A}.Debug|x86.ActiveCfg = Debug|Win32
		{CC6328D1-2E9D-424B-B092-C1A92830099A}.Debug|x86.Build.0 = Debug|Win32
		{CC6328D1-2E9D-424B-B092-C1A92830099A}.Release|x64.ActiveCfg = Release|x64
		{CC6328D1-2E9D-424B-B092-C1A92830099A}.Release|x64.Build.0 = Release|x64
		{CC6328D1-2E9D-424B-B092-C1A92830099A}.Release|x86.ActiveCfg = Release|Win32
		{CC6328D1-2E9D-424B-B092-C1A92830099A}.Release|x86.Build.0 = Release|Win32
		{01309542-FDDB-4B2F-AB82-85DD73CFEA2E}.Debug|x64.ActiveCfg = Debug|x64
		{01309542-FDDB-4B2F-AB82-85DD73CFEA2E}.Debug|x64.Build.0 = Debug|x64
		{01309542-FDDB-4B2F-AB82-85DD73CFEA2E}.Debug|x86.ActiveCfg = Debug|Win32
		{01309542-FDDB-4B2F-AB82-85DD73CFEA2E}.Debug|x86.Build.0 = Debug|Win32
		{01309542-FDDB-4B2F-AB82-85DD73CFEA2E}.Release|x64.ActiveCfg = Release|x64
		{01309542-FDDB-4B2F-AB82-85DD73CFEA2E}.Release|x64.Build.0 = Release|x64
		{01309542-FDDB-4B2F-AB82-85DD73CFEA2E}.Release|x86.ActiveCfg = Release|Win32
		{01309542-FDDB-4B2F-AB82-85DD73CFEA2E}.Release|x86.Build.0 = Release|Win32
		{775A9B3D-CC07-419B-919E-B6531696BED1}.Debug|x64.ActiveCfg = Debug|x64
		{775A9B3D-CC07-419B-919E-B6531696BED1}.Debug|x64.Build.0 = Debug|x64
		{775A9B3D-CC07-419B-919E-B6531696BED1}.Debug|x86.ActiveCfg = Debug|Win32
		{775A9B3D-CC07-419B-919E-B6531696BED1}.Debug|x86.Build.0 = Debug|Win32
		{775A9B3D-CC07-419B-919E-B6531696BED1}.Release|x64.ActiveCfg = Release|x64
		{775A9B3D-CC07-419B-919E-B6531696BED1}.Release|x64.Build.0 = Release|x64
		{775A9B3D-CC07-419B-919E-B6531696BED1}.Release|x86.ActiveCfg = Release|Win32
		{775A9B3D-CC07-419B-919E-B6531696BED1}.Release|x86.Build.0 = Release|Win32
		{A5D71F37-8B63-4C22-948E-B865DB0BA829}.Debug|x64.ActiveCfg = Debug|x64
		{A5D71F37-8B63-4C22-948E-B865DB0BA829}.Debug|x64.Build.0 = Debug|x64
		{A5D71F37-8B63-4C22-948E-B865DB0BA829}.Debug|x86.ActiveCfg = Debug|Win32
		{A5D71F37-8B63-4C22-948E-B865DB0BA829}.Debug|x86.Build.0 = Debug|Win32
		{A5D71F37-8B63-4C22-948E-B865DB0BA829}.Release|x64.ActiveCfg = Release|x64
		{A5D71F37-8B63-4C22-948E-B865DB0BA829}.Release|x64.Build.0 = Release|x64
		{A5D71F37-8B63-4C22-948E-B865DB0BA829}.Release|x86.ActiveCfg = Release|Win32
		{A5D71F37-8B63-4C22-948E-B865DB0BA829}.Release|x86.Build.0 = Release|Win32
		{775F1C26-9D5C-4627-904B-9919551EF687}.Debug|x64.ActiveCfg = Debug|x64
		{775F1C26-9D5C-4627-904B-9919551EF687}.Debug|x64.Build.0 = Debug|x64
		{775F1C26-9D5C-4627-904B-9919551EF687}.Debug|x86.ActiveCfg = Debug|Win32
		{775F1C26-9D5C-4627-904B-9919551EF687}.Debug|x86.Build.0 = Debug|Win32
		{775F1C26-9D5C-4627-904B-9919551EF687}.Release|x64.ActiveCfg = Release|x64
		{775F1C26-9D5C-4627-904B-9919551EF687}.Release|x64.Build.0 = Release|x64
		{775F1C26-9D5C-4627-904B-9919551EF687}.Release|x86.ActiveCfg = Release|Win32
		{775F1C26-9D5C-4627-904B-9919551EF687}.Release|x86.Build.0 = Release|Win32
		{8814116B-F6CD-45C7-AFFD-F824241A99CA}.Debug|x64.ActiveCfg = Debug|x64
		{8814116B-F6CD-45C7-AFFD-F824241A99CA}.Debug|x64.Build.0 = Debug|x64
		{8814116B-F6CD-45C7-AFFD-F824241A99CA}.Debug|x86.ActiveCfg = Debug|Win32
		{8814116B-F6CD-45C7-AFFD-F824241A99CA}.Debug|x86.Build.0 = Debug|Win32
		{8814116B-F6CD-45C7-AFFD-F824241A99CA}.Release|x64.ActiveCfg = Release|x64
		{8814116B-F6CD-45C7-AFFD-F824241A99CA}.Release|x64.Build.0 = Release|x64
		{8814116B-F6CD-45C7-AFFD-F824241A99CA}.Release|x86.ActiveCfg = Release|Win32
		{8814116B-F6CD-45C7-AFFD-F824241A99CA}.Release|x86.Build.0 = Release|Win32
		{F05626A1-980D-42FF-98DC-F25A63C5BBF6}.Debug|x64.ActiveCfg = Debug|x64
		{F05626A1-980D-42FF-98DC-F25A63C5BBF6}.Debug|x64.Build.0 = Debug|x64
		{F05626A1-980D-42FF-98DC-F25A63C5BBF6}.Debug|x86.ActiveCfg = Debug|Win32
		{F05626A1-980D-42FF-98DC-F25A63C5BBF6}.Debug|x86.Build.0 = Debug|Win32
		{F05626A1-980D-42FF-98DC-F25A63C5BBF6}.Release|x64.ActiveCfg = Release|x64
		{F05626A1-980D-42FF-98DC-F25A63C5BBF6}.Release|x64.Build.0 = Release|x64
		{F05626A1-980D-42FF-98DC-F25A63C5BBF6}.Release|x86.ActiveCfg = Release|Win32
		{F05626A1-980D-42FF-98DC-F25A63C5BBF6}.Release|x86.Build.0 = Release|Win32
		{8A3FF389-DF4A-476E-9D7D-26BF0A53B6EB}.Debug|x64.ActiveCfg = Debug|x64
		{8A3FF389-DF4A-476E-9D7D-26BF0A53B6EB}.Debug|x64.Build.0 = Debug|x64
		{8A3FF389-DF4A-476E-9D7D-26BF0A53B6EB}.Debug|x86.ActiveCfg = Debug|Win32
		{8A3FF389-DF4A-476E-9D7D-26BF0A53B6EB}.Debug|x86.Build.0 = Debug|Win32
		{8A3FF389-DF4A-476E-9D7D-26BF0A53B6EB}.Release|x64.ActiveCfg = Release|x64
		{8A3FF389-DF4A-476E-9D7D-26BF0A53B6EB}.Release|x64.Build.0 = Release|x64
		{8A3FF389-DF4A-476E-9D7D-26BF0A53B6EB}.Release|x86.ActiveCfg = Release|Win32
		{8A3FF389-DF4A-476E-9D7D-26BF0A53B6EB}.Release|x86.Build.0 = Release|Win32
		{73CC812F-7F46-49EF-B026-BE78A13EE508}.Debug|x64.ActiveCfg = Debug|x64
		{73CC812F-7F46-49EF-B026-BE78A13EE508}.Debug|x64.Build.0 = Debug|x64
		{73CC812F-7F46-49EF-B026-BE78A13EE508}.Debug|x86.ActiveCfg = Debug|Win32
		{73CC812F-7F46-49EF-B026-BE78A13EE508}.Debug|x86.Build.0 = Debug|Win32
		{73CC812F-7F46-49EF-B026-BE78A13EE508}.Release|x64.ActiveCfg = Release|x64
		{73CC812F-7F46-49EF-B026-BE78A13EE508}.Release|x64.Build.0 = Release|x64
		{73CC812F-7F46-49EF-B026-BE78A13EE508}.Release|x86.ActiveCfg = Release|Win32
		{73CC812F-7F46-49EF-B026-BE78A13EE508}.Release|x86.Build.0 = Release|Win32
		{8B13A907-1CCA-4A31-B2B1-79AB46059604}.Debug|x64.ActiveCfg = Debug|x64
		{8B13A907-1CCA-4A31-B2B1-79AB46059604}.Debug|x64.Build.0 = Debug|x64
		{8B13A907-1CCA-4A31-B2B1-79AB46059604}.Debug|x86.ActiveCfg = Debug|Win32
		{8B13A907-1CCA-4A31-B2B1-79AB46059604}.Debug|x86.Build.0 = Debug|Win32
		{8B13A907-1CCA-4A31-B2B1-79AB46059604}.Release|x64.ActiveCfg = Release|x64
		{8B13A907-1CCA-4A31-B2B1-79AB46059604}.Release|x64.Build.0 = Release|x64
		{8B13A907-1CCA-4A31-B2B1-79AB46059604}.Release|x86.ActiveCfg = Release|Win32
		{8B13A907-1CCA-4A31-B2B1-79AB46059604}.Release|x86.Build.0 = Release|Win32
		{E45D5D89-E28A-44FB-AE90-9E71117BBD75}.Debug|x64.ActiveCfg = Debug|x64
		{E45D5D89-E28A-44FB-AE90-9E71117BBD75}.Debug|x64.Build.0 = Debug|x64
		{E45D5D89-E28A-44FB-AE90-9E71117BBD75}.Debug|x86.ActiveCfg = Debug|Win32
		{E45D5D89-E28A-44FB-AE90-9E71117BBD75}.Debug|x86.Build.0 = Debug|Win32
		{E45D5D89-E28A-44FB-AE90-9E71117BBD75}.Release|x64.ActiveCfg = Release|x64
		{E45D5D89-E28A-44FB-AE90-9E71117BBD75}.Release|x64.Build.0 = Release|x64
		{E45D5D89-E28A-44FB-AE90-9E71117BBD75}.Release|x86.ActiveCfg = Release|Win32
		{E45D5D89-E28A-44FB-AE90-9E71117BBD75}.Release|x86.Build.0 = Release|Win32
		{1A59DEAF-0FF0-494D-8764-C60F7AB513ED}.Debug|x64.ActiveCfg = Debug|x64
		{1A59DEAF-0FF0-494D-8764-C60F7AB513ED}.Debug|x64.Build.0 = Debug|x64
		{1A59DEAF-0FF0-494D-8764-C60F7AB513ED}.Debug|x86.ActiveCfg = Debug|Win32
		{1A59DEAF-0FF0-494D-8764-C60F7AB513ED}.Debug|x86.Build.0 = Debug|Win32
		{1A59DEAF-0FF0-494D-8764-C60F7AB513ED}.Release|x64.ActiveCfg = Release|x64
		{1A59DEAF-0FF0-494D-8764-C60F7AB513ED}.Release|x64.Build.0 = Release|x64
		{1A59DEAF-0FF0-494D-8764-C60F7AB513ED}.Release|x86.ActiveCfg = Release|Win32
		{1A59DEAF-0FF0-494D-8764-C60F7AB513ED}.Release|x86.Build.0 = Release|Win32
		{BCAAD1D1-347F-4DFF-943E-68A35C617971}.Debug|x64.ActiveCfg = Debug|x64
		{BCAAD1D1-347F-4DFF-943E-68A35C617971}.Debug|x64.Build.0 = Debug|x64
		{BCAAD1D1-347F-4DFF-943E-68A35C617971}.Debug|x86.ActiveCfg = Debug|Win32
		{BCAAD1D1-347F-4DFF-943E-68A35C617971}.Debug|x86.Build.0 = Debug|Win32
		{BCAAD1D1-347F-4DFF-943E-68A35C617971}.Release|x64.ActiveCfg = Release|x64
		{BCAAD1D1-347F-4DFF-943E-68A35C617971}.Release|x64.Build.0 = Release|x64
		{BCAAD1D1-347F-4DFF-943E-68A35C617971}.Release|x86.ActiveCfg = Release|Win32
		{BCAAD1D1-347F-4DFF-943E-68A35C617971}.Release|x86.Build.0 = Release|Win32
		{A2A774E1-B33D-406B-8FCC-94D672173F51}.Debug|x64.ActiveCfg = Debug|x64
		{A2A774E1-B33D-406B-8FCC-94D672173F51}.Debug|x64.Build.0 = Debug|x64
		{A2A774E1-B33D-406B-8FCC-94D672173F51}.Debug|x86.ActiveCfg = Debug|Win32
		{A2A774E1-B33D-406B-8FCC-94D672173F51}.Debug|x86.Build.0 = Debug|Win32
		{A2A774E1-B33D-406B-8FCC-94D672173F51}.Release|x64.ActiveCfg = Release|x64
		{A2A774E1-B33D-406B-8FCC-94D672173F51}.Release|x64.Build.0 = Release|x64
		{A2A774E1-B33D-406B-8FCC-94D672173F51}.Release|x86.ActiveCfg = Release|Win32
		{A2A774E1-B33D-406B-8FCC-94D672173F51}.Release|x86.Build.0 = Release|Win32
		{357C0195-541C-423F-A67E-DEBFC4B77D54}.Debug|x64.ActiveCfg = Debug|x64
		{357C0195-541C-423F-A67E-DEBFC4B77D54}.Debug|x64.Build.0 = Debug|x64
		{357C0195-541C-423F-A67E-DEBFC4B77D54}.Debug|x86.ActiveCfg = Debug|Win32
		{357C0195-541C-423F-A67E-DEBFC4B77D54}.Debug|x86.Build.0 = Debug|Win32
		{357C0195-541C-423F-A67E-DEBFC4B77D54}.Release|x64.ActiveCfg = Release|x64
		{357C0195-541C-423F-A67E-DEBFC4B77D54}.Release|x64.Build.0 = Release|x64
		{357C0195-541C-423F-A67E-DEBFC4B77D54}.Release|x86.ActiveCfg = Release|Win32
		{357C0195-541C-423F-A67E-DEBFC4B77D54}.Release|x86.Build.0 = Release|Win32
		{7470AB97-F6E8-429C-9D1B-E08E4D0A322F}.Debug|x64.ActiveCfg = Debug|x64
		{7470AB97-F6E8-429C-9D1B-E08E4D0A322F}.Debug|x64.Build.0 = Debug|x64
		{7470AB97-F6E8-429C-9D1B-E08E4D0A322F}.Debug|x86.ActiveCfg = Debug|Win32
		{7470AB97-F6E8-429C-9D1B-E08E4D0A322F}.Debug|x86.Build.0 = Debug|Win32
		{7470AB97-F6E8-429C-9D1B-E08E4D0A322F}.Release|x64.ActiveCfg = Release|x64
		{7470AB97-F6E8-429C-9D1B-E08E4D0A322F}.Release|x64.Build.0 = Release|x64
		{7470AB97-F6E8-429C-9D1B-E08E4D0A322F}.Release|x86.ActiveCfg = Release|Win32
		{7470AB97-F6E8-429C-9D1B-E08E4D0A322F}.Release|x86.Build.0 = Release|Win32
		{A07652CD-AE7E-4091-993F-CC6E09704E7F}.Debug|x64.ActiveCfg = Debug|x64
		{A07652CD-AE7E-4091-993F-CC6E09704E7F}.Debug|x64.Build.0 = Debug|x64
		{A07652CD-AE7E-4091-993F-CC6E09704E7F}.Debug|x86.ActiveCfg = Debug|Win32
		{A07652CD-AE7E-4091-993F-CC6E09704E7F}.Debug|x86.Build.0 = Debug|Win32
		{A07652CD-AE7E-4091-993F-CC6E09704E7F}.Release|x64.ActiveCfg = Release|x64
		{A07652CD-AE7E-4091-993F-CC6E09704E7F}.Release|x64.Build.0 = Release|x64
		{A07652CD-AE7E-4091-993F-CC6E09704E7F}.Release|x86.ActiveCfg = Release|Win32
		{A07652CD-AE7E-4091-993F-CC6E09704E7F}.Release|x86.Build.0 = Release|Win32
		{88F73C41-D98A-4A00-8E0F-3C3F72590D00}.Debug|x64.ActiveCfg = Debug|x64
		{88F73C41-D98A-4A00-8E0F-3C3F72590D00}.Debug|x64.Build.0 = Debug|x64
		{88F73C41-D98A-4A00-8E0F-3C3F72590D00}.Debug|x86.ActiveCfg = Debug|Win32
		{88F73C41-D98A-4A00-8E0F-3C3F72590D00}.Debug|x86.Build.0 = Debug|Win32
		{88F73C41-D98A-4A00-8E0F-3C3F72590D00}.Release|x64.ActiveCfg = Release|x64
		{88F73C41-D98A-4A00-8E0F-3C3F72590D00}.Release|x64.Build.0 = Release|x64
		{88F73C41-D98A-4A00-8E0F-3C3F72590D00}.Release|x86.ActiveCfg = Release|Win32
		{88F73C41-D98A-4A00-8E0F-3C3F72590D00}.Release|x86.Build.0 = Release|Win32
		{93307D56-A598-4E40-8284-DE214BA43D14}.Debug|x64.ActiveCfg = Debug|x64
		{93307D56-A598-4E40-8284-DE214BA43D14}.Debug|x64.Build.0 = Debug|x64
		{93307D56-A598-4E40-8284-DE214BA43D14}.Debug|x86.ActiveCfg = Debug|Win32
		{93307D56-A598-4E40-8284-DE214BA43D14}.Debug|x86.Build.0 = Debug|Win32
		{93307D56-A598-4E40-8284-DE214BA43D14}.Release|x64.ActiveCfg = Release|x64
		{93307D56-A598-4E40-8284-DE214BA43D14}.Release|x64.Build.0 = Release|x64
		{93307D56-A598-4E40-8284-DE214BA43D14}.Release|x86.ActiveCfg = Release|Win32
		{93307D56-A598-4E40-8284-DE214BA43D14}.Release|x86.Build.0 = Release|Win32
		{C5B4D5E6-5928-49F4-8B55-75BF128200E9}.Debug|x64.ActiveCfg = Debug|x64
		{C5B4D5E6-5928-49F4-8B55-75BF128200E9}.Debug|x64.Build.0 = Debug|x64
		{C5B4D5E6-5928-49F4-8B55-75BF128200E9}.Debug|x86.ActiveCfg = Debug|Win32
		{C5B4D5E6-5928-49F4-8B55-75BF128200E9}.Debug|x86.Build.0 = Debug|Win32
		{C5B4D5E6-5928-49F4-8B55-75BF128200E9}.Release|x64.ActiveCfg = Release|x64
		{C5B4D5E6-5928-49F4-8B55-75BF128200E9}.Release|x64.Build.0 = Release|x64
		{C5B4D5E6-5928-49F4-8B55-75BF128200E9}.Release|x86.ActiveCfg = Release|Win32
		{C5B4D5E6-5928-49F4-8B55-75BF128200E9}.Release|x86.Build.0 = Release|Win32
		{E76AE204-511C-4AEA-88CF-A1A3AE3B61BA}.Debug|x64.ActiveCfg = Debug|x64
		{E76AE204-511C-4AEA-88CF-A1A3AE3B61BA}.Debug|x64.Build.0 = Debug|x64
		{E76AE204-511C-4AEA-88CF-A1A3AE3B61BA}.Debug|x86.ActiveCfg = Debug|Win32
		{E76AE204-511C-4AEA-88CF-A1A3AE3B61BA}.Debug|x86.Build.0 = Debug|Win32
		{E76AE204-511C-4AEA-88CF-A1A3AE3B61BA}.Release|x64.ActiveCfg = Release|x64
		{E76AE204-511C-4AEA-88CF-A1A3AE3B61BA}.Release|x64.Build.0 = Release|x64
		{E76AE204-511C-4AEA-88CF-A1A3AE3B61BA}.Release|x86.ActiveCfg = Release|Win32
		{E76AE204-511C-4AEA-88CF-A1A3AE3B61BA}.Release|x86.Build.0 = Release|Win32
		{6DB3CE80-F0E7-4ED8-BA72-D89BD1C13868}.Debug|x64.ActiveCfg = Debug|x64
		{6DB3CE80-F0E7-4ED8-BA72-D89BD1C13868}.Debug|x64.Build.0 = Debug|x64
		{6DB3CE80-F0E7-4ED8-BA72-D89BD1C13868}.Debug|x86.ActiveCfg = Debug|Win32
		{6DB3CE80-F0E7-4ED8-BA72-D89BD1C13868}.Debug|x86.Build.0 = Debug|Win32
		{6DB3CE80-F0E7-4ED8-BA72-D89BD1C13868}.Release|x64.ActiveCfg = Release|x64
		{6DB3CE80-F0E7-4ED8-BA72-D89BD1C13868}.Release|x64.Build.0 = Release|x64
		{6DB3CE80-F0E7-4ED8-BA72-D89BD1C13868}.Release|x86.ActiveCfg = Release|Win32
		{6DB3CE80-F0E7-4ED8-BA72-D89BD1C13868}.Release|x86.Build.0 = Release|Win32
		{6C82AF58-FA76-4DA8-B8B9-95C56BB74131}.Debug|x64.ActiveCfg = Debug|x64
		{6C82AF58-FA76-4DA8-B8B9-95C56BB74131}.Debug|x64.Build.0 = Debug|x64
		{6C82AF58-FA76-4DA8-B8B9-95C56BB74131}.Debug|x86.ActiveCfg = Debug|Win32
		{6C82AF58-FA76-4DA8-B8B9-95C56BB74131}.Debug|x86.Build.0 = Debug|Win32
		{6C82AF58-FA76-4DA8-B8B9-95C56BB74131}.Release|x64.ActiveCfg = Release|x64
		{6C82AF58-FA76-4DA8-B8B9-95C56BB74131}.Release|x64.Build.0 = Release|x64
		{6C82AF58-FA76-4DA8-B8B9-95C56BB74131}.Release|x86.ActiveCfg = Release|Win32
		{6C82AF58-FA76-4DA8-B8B9-95C56BB74131}.Release|x86.Build.0 = Release|Win32
		{0D16BE11-0833-4BD0-8CC8-0590D7A56217}.Debug|x64.ActiveCfg = Debug|x64
		{0D16BE11-0833-4BD0-8CC8-0590D7A56217}.Debug|x64.Build.0 = Debug|x64
		{0D16BE11-0833-4BD0-8CC8-0590D7A56217}.Debug|x86.ActiveCfg = Debug|Win32
		{0D16BE11-0833-4BD0-8CC8-0590D7A56217}.Debug|x86.Build.0 = Debug|Win32
		{0D16BE11-0833-4BD0-8CC8-0590D7A56217}.Release|x64.ActiveCfg = Release|x64
		{0D16BE11-0833-4BD0-8CC8-0590D7A56217}.Release|x64.Build.0 = Release|x64
		{0D16BE11-0833-4BD0-8CC8-0590D7A56217}.Release|x86.ActiveCfg = Release|Win32
		{0D16BE11-0833-4BD0-8CC8-0590D7A56217}.Release|x86.Build.0 = Release|Win32
		{C813E58B-976C-4E40-B7B4-77676256FD7B}.Debug|x64.ActiveCfg = Debug|x64
		{C813E58B-976C-4E40-B7B4-77676256FD7B}.Debug|x64.Build.0 = Debug|x64
		{C813E58B-976C-4E40-B7B4-77676256FD7B}.Debug|x86.ActiveCfg = Debug|Win32
		{C813E58B-976C-4E40-B7B4-77676256FD7B}.Debug|x86.Build.0 = Debug|Win32
		{C813E58B-976C-4E40-B7B4-77676256FD7B}.Release|x64.ActiveCfg = Release|x64
		{C813E58B-976C-4E40-B7B4-77676256FD7B}.Release|x64.Build.0 = Release|x64
		{C813E58B-976C-4E40-B7B4-77676256FD7B}.Release|x86.ActiveCfg = Release|Win32
		{C813E58B-976C-4E40-B7B4-77676256FD7B}.Release|x86.Build.0 = Release|Win32
		{771AFD24-ED6F-4C8E-A718-B0D4E6DB543E}.Debug|x64.ActiveCfg = Debug|x64
		{771AFD24-ED6F-4C8E-A718-B0D4E6DB543E}.Debug|x64.Build.0 = Debug|x64
		{771AFD24-ED6F-4C8E-A718-B0D4E6DB543E}.Debug|x86.ActiveCfg = Debug|Win32
		{771AFD24-ED6F-4C8E-A718-B0D4E6DB543E}.Debug|x86.Build.0 = Debug|Win32
		{771AFD24-ED6F-4C8E-A718-B0D4E6DB543E}.Release|x64.ActiveCfg = Release|x64
		{771AFD24-ED6F-4C8E-A718-B0D4E6DB543E}.Release|x64.Build.0 = Release|x64
		{771AFD24-ED6F-4C8E-A718-B0D4E6DB543E}.Release|x86.ActiveCfg = Release|Win32
		{771AFD24-ED6F-4C8E-A718-B0D4E6DB543E}.Release|x86.Build.0 = Release|Win32
		{6FC4C555-B35F-4214-8BC9-12EC0081CEE3}.Debug|x64.ActiveCfg = Debug|x64
		{6FC4C555-B35F-4214-8BC9-12EC0081CEE3}.Debug|x64.Build.0 = Debug|x64
		{6FC4C555-B35F-4214-8BC9-12EC0081CEE3}.Debug|x86.ActiveCfg = Debug|Win32
		{6FC4C555-B35F-4214-8BC9-12EC0081CEE3}.Debug|x86.Build.0 = Debug|Win32
		{6FC4C555-B35F-4214-8BC9-12EC0081CEE3}.Release|x64.ActiveCfg = Release|x64
		{6FC4C555-B35F-4214-8BC9-12EC0081CEE3}.Release|x64.Build.0 = Release|x64
		{6FC4C555-B35F-4214-8BC9-12EC0081CEE3}.Release|x86.ActiveCfg = Release|Win32
		{6FC4C555-B35F-4214-8BC9-12EC0081CEE3}.Release|x86.Build.0 = Release|Win32
		{3E839718-C044-4555-8CB1-7B4239D5A66F}.Debug|x64.ActiveCfg = Debug|x64
		{3E839718-C044-4555-8CB1-7B4239D5A66F}.Debug|x64.Build.0 = Debug|x64
		{3E839718-C044-4555-8CB1-7B4239D5A66F}.Debug|x86.ActiveCfg = Debug|Win32
		{3E839718-C044-4555-8CB1-7B4239D5A66F}.Debug|x86.Build.0 = Debug|Win32
		{3E839718-C044-4555-8CB1-7B4239D5A66F}.Release|x64.ActiveCfg = Release|x64
		{3E839718-C044-4555-8CB1-7B4239D5A66F}.Release|x64.Build.0 = Release|x64
		{3E839718-C044-4555-8CB1-7B4239D5A66F}.Release|x86.ActiveCfg = Release|Win32
		{3E839718-C044-4555-8CB1-7B4239D5A66F}.Release|x86.Build.0 = Release|Win32
	EndGlobalSection
	GlobalSection(SolutionProperties) = preSolution
		HideSolutionNode = FALSE
	EndGlobalSection
	GlobalSection(NestedProjects) = preSolution
		{71886C49-DC83-4AA6-AE34-601E516430BF} = {75F3C1F8-E92C-4100-B664-78E439CA6DED}
		{882303E3-63EC-4B43-9907-7B564FD21E28} = {7399A153-40A7-4664-8A18-7670F5B9FDE4}
		{557E132E-411D-4464-B981-7F2D9E5B8454} = {75F3C1F8-E92C-4100-B664-78E439CA6DED}
		{46FE420D-626C-4B43-87FD-082B0ABCECB8} = {7399A153-40A7-4664-8A18-7670F5B9FDE4}
		{466BF4DA-1793-4AE1-BF07-3499E184BA80} = {35F19A9C-21C8-4210-9A6D-D259336ECDCB}
		{8CA78C8D-7C95-4215-B1B4-E86B16F1646E} = {6C57F439-8EAA-497F-BD11-94262D4EBD20}
		{A60EB9C2-4738-43E7-BD9D-E3CC9B5E9C34} = {75F3C1F8-E92C-4100-B664-78E439CA6DED}
		{80135703-2A0E-4326-A2DC-39C9F9831309} = {6C57F439-8EAA-497F-BD11-94262D4EBD20}
		{361B75BC-C619-4025-AF24-18C01B197AB8} = {75F3C1F8-E92C-4100-B664-78E439CA6DED}
		{E0B52AE7-E160-4D32-BF3F-910B785E5A8E} = {670BC9FB-68B6-4DBB-BCB0-7149D64DCAA8}
		{4F150A30-CECB-49D1-8283-6A3F57438CF5} = {670BC9FB-68B6-4DBB-BCB0-7149D64DCAA8}
		{03106871-8BFC-4F22-AA41-F995D69C80B5} = {6C57F439-8EAA-497F-BD11-94262D4EBD20}
		{CC6328D1-2E9D-424B-B092-C1A92830099A} = {6C57F439-8EAA-497F-BD11-94262D4EBD20}
		{B20E9147-8412-44B7-9A18-AAA03187C134} = {258D5CE8-17EB-42D5-ABA0-0BCC84E66C04}
		{01309542-FDDB-4B2F-AB82-85DD73CFEA2E} = {6C57F439-8EAA-497F-BD11-94262D4EBD20}
		{775A9B3D-CC07-419B-919E-B6531696BED1} = {6C57F439-8EAA-497F-BD11-94262D4EBD20}
		{A5D71F37-8B63-4C22-948E-B865DB0BA829} = {6C57F439-8EAA-497F-BD11-94262D4EBD20}
		{775F1C26-9D5C-4627-904B-9919551EF687} = {670BC9FB-68B6-4DBB-BCB0-7149D64DCAA8}
		{8814116B-F6CD-45C7-AFFD-F824241A99CA} = {6C57F439-8EAA-497F-BD11-94262D4EBD20}
		{F05626A1-980D-42FF-98DC-F25A63C5BBF6} = {6C57F439-8EAA-497F-BD11-94262D4EBD20}
		{8A3FF389-DF4A-476E-9D7D-26BF0A53B6EB} = {75F3C1F8-E92C-4100-B664-78E439CA6DED}
		{73CC812F-7F46-49EF-B026-BE78A13EE508} = {B23D2D4B-6CFF-4A38-8CA4-3BACFB5BE0FE}
		{8B13A907-1CCA-4A31-B2B1-79AB46059604} = {B23D2D4B-6CFF-4A38-8CA4-3BACFB5BE0FE}
		{E45D5D89-E28A-44FB-AE90-9E71117BBD75} = {F79DA8D6-BB7B-4CB9-9858-BA986F881591}
		{1A59DEAF-0FF0-494D-8764-C60F7AB513ED} = {75F3C1F8-E92C-4100-B664-78E439CA6DED}
		{BCAAD1D1-347F-4DFF-943E-68A35C617971} = {B23D2D4B-6CFF-4A38-8CA4-3BACFB5BE0FE}
		{A2A774E1-B33D-406B-8FCC-94D672173F51} = {F79DA8D6-BB7B-4CB9-9858-BA986F881591}
		{357C0195-541C-423F-A67E-DEBFC4B77D54} = {F79DA8D6-BB7B-4CB9-9858-BA986F881591}
		{7470AB97-F6E8-429C-9D1B-E08E4D0A322F} = {B23D2D4B-6CFF-4A38-8CA4-3BACFB5BE0FE}
		{A07652CD-AE7E-4091-993F-CC6E09704E7F} = {B23D2D4B-6CFF-4A38-8CA4-3BACFB5BE0FE}
		{88F73C41-D98A-4A00-8E0F-3C3F72590D00} = {F79DA8D6-BB7B-4CB9-9858-BA986F881591}
		{93307D56-A598-4E40-8284-DE214BA43D14} = {F352614C-6F40-473C-86D3-D4E270C7A585}
		{C5B4D5E6-5928-49F4-8B55-75BF128200E9} = {F79DA8D6-BB7B-4CB9-9858-BA986F881591}
		{E76AE204-511C-4AEA-88CF-A1A3AE3B61BA} = {F79DA8D6-BB7B-4CB9-9858-BA986F881591}
		{6DB3CE80-F0E7-4ED8-BA72-D89BD1C13868} = {B23D2D4B-6CFF-4A38-8CA4-3BACFB5BE0FE}
		{6C82AF58-FA76-4DA8-B8B9-95C56BB74131} = {F79DA8D6-BB7B-4CB9-9858-BA986F881591}
		{0D16BE11-0833-4BD0-8CC8-0590D7A56217} = {B23D2D4B-6CFF-4A38-8CA4-3BACFB5BE0FE}
		{C813E58B-976C-4E40-B7B4-77676256FD7B} = {670BC9FB-68B6-4DBB-BCB0-7149D64DCAA8}
		{771AFD24-ED6F-4C8E-A718-B0D4E6DB543E} = {F79DA8D6-BB7B-4CB9-9858-BA986F881591}
		{6FC4C555-B35F-4214-8BC9-12EC0081CEE3} = {90D50E27-6D95-450A-8B1D-AEC7197B7F0C}
		{3E839718-C044-4555-8CB1-7B4239D5A66F} = {90D50E27-6D95-450A-8B1D-AEC7197B7F0C}
	EndGlobalSection
	GlobalSection(ExtensibilityGlobals) = postSolution
		SolutionGuid = {C041DC44-92D1-453E-BCFA-5B9E9DF9D604}
	EndGlobalSection
	GlobalSection(TeamFoundationVersionControl) = preSolution
		SccNumberOfProjects = 41
		SccEnterpriseProvider = {4CA58AB2-18FA-4F8D-95D4-32DDF27D184C}
		SccTeamFoundationServer = https://dev.azure.com/kairusl
		SccLocalPath0 = .
		SccProjectUniqueName1 = Framework\\Core\\Core.vcxproj
		SccProjectTopLevelParentUniqueName1 = KWSE.sln
		SccProjectName1 = Framework/Core
		SccLocalPath1 = Framework\\Core
		SccProjectUniqueName2 = UnitTests\\CoreTest\\CoreTest.vcxproj
		SccProjectTopLevelParentUniqueName2 = KWSE.sln
		SccProjectName2 = UnitTests/CoreTest
		SccLocalPath2 = UnitTests\\CoreTest
		SccProjectUniqueName3 = Framework\\Math\\Math.vcxproj
		SccProjectTopLevelParentUniqueName3 = KWSE.sln
		SccProjectName3 = Framework/Math
		SccLocalPath3 = Framework\\Math
		SccProjectUniqueName4 = UnitTests\\MathTest\\MathTest.vcxproj
		SccProjectTopLevelParentUniqueName4 = KWSE.sln
		SccProjectName4 = UnitTests/MathTest
		SccLocalPath4 = UnitTests\\MathTest
		SccProjectUniqueName5 = Engine\\KWSE\\KWSE.vcxproj
		SccProjectTopLevelParentUniqueName5 = KWSE.sln
		SccProjectName5 = Engine/KWSE
		SccLocalPath5 = Engine\\KWSE
		SccProjectUniqueName6 = VGP242\\01_HelloWindow\\01_HelloWindow.vcxproj
		SccProjectTopLevelParentUniqueName6 = KWSE.sln
		SccProjectName6 = VGP242/01_HelloWindow
		SccLocalPath6 = VGP242\\01_HelloWindow
		SccProjectUniqueName7 = Framework\\Graphics\\Graphics.vcxproj
		SccProjectTopLevelParentUniqueName7 = KWSE.sln
		SccProjectName7 = Framework/Graphics
		SccLocalPath7 = Framework\\Graphics
		SccProjectUniqueName8 = VGP242\\02_HelloDirectX\\02_HelloDirectX.vcxproj
		SccProjectTopLevelParentUniqueName8 = KWSE.sln
		SccProjectName8 = VGP242/02_HelloDirectX
		SccLocalPath8 = VGP242\\02_HelloDirectX
		SccProjectUniqueName9 = Framework\\Input\\Input.vcxproj
		SccProjectTopLevelParentUniqueName9 = KWSE.sln
		SccProjectName9 = Framework/Input
		SccLocalPath9 = Framework\\Input
		SccProjectUniqueName10 = External\\DirectXTK\\DirectXTK_Desktop_2017.vcxproj
		SccProjectTopLevelParentUniqueName10 = KWSE.sln
		SccProjectName10 = External/DirectXTK
		SccLocalPath10 = External\\DirectXTK
		SccProjectUniqueName11 = External\\DirectXTK\\Audio\\DirectXTKAudio_Desktop_2017_Win8.vcxproj
		SccProjectTopLevelParentUniqueName11 = KWSE.sln
		SccProjectName11 = External/DirectXTK/Audio
		SccLocalPath11 = External\\DirectXTK\\Audio
		SccProjectUniqueName12 = VGP242\\03_HelloTriangle\\03_HelloTriangle.vcxproj
		SccProjectTopLevelParentUniqueName12 = KWSE.sln
		SccProjectName12 = VGP242/03_HelloTriangle
		SccLocalPath12 = VGP242\\03_HelloTriangle
		SccProjectUniqueName13 = VGP242\\04_HelloShaders\\04_HelloShaders.vcxproj
		SccProjectTopLevelParentUniqueName13 = KWSE.sln
		SccProjectName13 = VGP242/04_HelloShaders
		SccLocalPath13 = VGP242\\04_HelloShaders
		SccProjectUniqueName14 = VGP242\\05_HelloCube\\05_HelloCube.vcxproj
		SccProjectTopLevelParentUniqueName14 = KWSE.sln
		SccProjectName14 = VGP242/05_HelloCube
		SccLocalPath14 = VGP242\\05_HelloCube
		SccProjectUniqueName15 = VGP242\\06_HelloTexturing\\06_HelloTexturing.vcxproj
		SccProjectTopLevelParentUniqueName15 = KWSE.sln
		SccProjectName15 = VGP242/06_HelloTexturing
		SccLocalPath15 = VGP242\\06_HelloTexturing
		SccProjectUniqueName16 = VGP242\\07_HelloSimpleDraw\\07_HelloSimpleDraw.vcxproj
		SccProjectTopLevelParentUniqueName16 = KWSE.sln
		SccProjectName16 = VGP242/07_HelloSimpleDraw
		SccLocalPath16 = VGP242\\07_HelloSimpleDraw
		SccProjectUniqueName17 = External\\ImGui\\ImGui.vcxproj
		SccProjectTopLevelParentUniqueName17 = KWSE.sln
		SccProjectName17 = External/ImGui
		SccLocalPath17 = External\\ImGui
		SccProjectUniqueName18 = VGP242\\08_HelloObjModel\\08_HelloObjModel.vcxproj
		SccProjectTopLevelParentUniqueName18 = KWSE.sln
		SccProjectName18 = VGP242/08_HelloObjModel
		SccLocalPath18 = VGP242\\08_HelloObjModel
		SccProjectUniqueName19 = VGP242\\09_HelloSolarSystem\\09_HelloSolarSystem.vcxproj
		SccProjectTopLevelParentUniqueName19 = KWSE.sln
		SccProjectName19 = VGP242/09_HelloSolarSystem
		SccLocalPath19 = VGP242\\09_HelloSolarSystem
		SccProjectUniqueName20 = Framework\\AI\\AI.vcxproj
		SccProjectTopLevelParentUniqueName20 = KWSE.sln
		SccProjectName20 = Framework/AI
		SccLocalPath20 = Framework\\AI
		SccProjectUniqueName21 = VGP330\\09_HelloLighting\\09_HelloLighting.vcxproj
		SccProjectTopLevelParentUniqueName21 = KWSE.sln
		SccProjectName21 = VGP330/09_HelloLighting
		SccLocalPath21 = VGP330\\09_HelloLighting
		SccProjectUniqueName22 = VGP330\\10_HelloEarth\\10_HelloEarth.vcxproj
		SccProjectTopLevelParentUniqueName22 = KWSE.sln
		SccProjectName22 = VGP330/10_HelloEarth
		SccLocalPath22 = VGP330\\10_HelloEarth
		SccProjectUniqueName23 = VGP337\\LinearRegression\\LinearRegression.vcxproj
		SccProjectTopLevelParentUniqueName23 = KWSE.sln
		SccProjectName23 = VGP337/LinearRegression
		SccLocalPath23 = VGP337\\LinearRegression
		SccProjectUniqueName24 = Framework\\ML\\ML.vcxproj
		SccProjectTopLevelParentUniqueName24 = KWSE.sln
		SccProjectName24 = Framework/ML
		SccLocalPath24 = Framework\\ML
		SccProjectUniqueName25 = VGP330\\11_HelloPostProcessing\\11_HelloPostProcessing.vcxproj
		SccProjectTopLevelParentUniqueName25 = KWSE.sln
		SccProjectName25 = VGP330/11_HelloPostProcessing
		SccLocalPath25 = VGP330\\11_HelloPostProcessing
		SccProjectUniqueName26 = VGP337\\LogisticRegression\\LogisticRegression.vcxproj
		SccProjectTopLevelParentUniqueName26 = KWSE.sln
		SccProjectName26 = VGP337/LogisticRegression
		SccLocalPath26 = VGP337\\LogisticRegression
		SccProjectUniqueName27 = VGP337\\KMeans\\KMeans.vcxproj
		SccProjectTopLevelParentUniqueName27 = KWSE.sln
		SccProjectName27 = VGP337/KMeans
		SccLocalPath27 = VGP337\\KMeans
		SccProjectUniqueName28 = VGP330\\12_HelloBloom\\12_HelloBloom.vcxproj
		SccProjectTopLevelParentUniqueName28 = KWSE.sln
		SccProjectName28 = VGP330/12_HelloBloom
		SccLocalPath28 = VGP330\\12_HelloBloom
		SccProjectUniqueName29 = VGP330\\13_HelloShadow\\13_HelloShadow.vcxproj
		SccProjectTopLevelParentUniqueName29 = KWSE.sln
		SccProjectName29 = VGP330/13_HelloShadow
		SccLocalPath29 = VGP330\\13_HelloShadow
		SccProjectUniqueName30 = VGP337\\NeuralNetwork\\NeuralNetwork.vcxproj
		SccProjectTopLevelParentUniqueName30 = KWSE.sln
		SccProjectName30 = VGP337/NeuralNetwork
		SccLocalPath30 = VGP337\\NeuralNetwork
		SccProjectUniqueName31 = Project\\Checker\\Checker.vcxproj
		SccProjectTopLevelParentUniqueName31 = KWSE.sln
		SccProjectName31 = Project/Checker
		SccLocalPath31 = Project\\Checker
		SccProjectUniqueName32 = VGP337\\GA\\GA.vcxproj
		SccProjectTopLevelParentUniqueName32 = KWSE.sln
		SccProjectName32 = VGP337/GA
		SccLocalPath32 = VGP337\\GA
		SccProjectUniqueName33 = VGP337\\GA_Path\\GA_Path.vcxproj
		SccProjectTopLevelParentUniqueName33 = KWSE.sln
		SccProjectName33 = VGP337/GA_Path
		SccLocalPath33 = VGP337\\GA_Path
		SccProjectUniqueName34 = VGP330\\14_HelloFinalShader\\14_HelloFinalShader.vcxproj
		SccProjectTopLevelParentUniqueName34 = KWSE.sln
		SccProjectName34 = VGP330/14_HelloFinalShader
		SccLocalPath34 = VGP330\\14_HelloFinalShader
		SccProjectUniqueName35 = VGP337\\GA_TSP\\GA_TSP.vcxproj
		SccProjectTopLevelParentUniqueName35 = KWSE.sln
		SccProjectName35 = VGP337/GA_TSP
		SccLocalPath35 = VGP337\\GA_TSP
		SccProjectUniqueName36 = VGP330\\15_HelloTestSprite\\15_HelloTestSprite.vcxproj
		SccProjectTopLevelParentUniqueName36 = KWSE.sln
		SccProjectName36 = VGP330/15_HelloTestSprite
		SccLocalPath36 = VGP330\\15_HelloTestSprite
		SccProjectUniqueName37 = External\\FW1FontWrapper\\FW1FontWrapper.vcxproj
		SccProjectTopLevelParentUniqueName37 = KWSE.sln
		SccProjectName37 = External/FW1FontWrapper
		SccLocalPath37 = External\\FW1FontWrapper
		SccProjectUniqueName38 = VGP337\\Neat_Bird\\Neat_Bird.vcxproj
		SccProjectTopLevelParentUniqueName38 = KWSE.sln
		SccProjectName38 = VGP337/Neat_Bird
		SccLocalPath38 = VGP337\\Neat_Bird
		SccProjectUniqueName39 = VGP334\\16_HelloQuaternion\\16_HelloQuaternion.vcxproj
		SccProjectTopLevelParentUniqueName39 = KWSE.sln
		SccProjectName39 = VGP334/16_HelloQuaternion
		SccLocalPath39 = VGP334\\16_HelloQuaternion
		SccProjectUniqueName40 = VGP334\\17_HelloSimpleAnimation\\17_HelloSimpleAnimation.vcxproj
		SccProjectTopLevelParentUniqueName40 = KWSE.sln
		SccProjectName40 = VGP334/17_HelloSimpleAnimation
		SccLocalPath40 = VGP334\\17_HelloSimpleAnimation
	EndGlobalSection
EndGlobal
