
Microsoft Visual Studio Solution File, Format Version 12.00
# Visual Studio 15
VisualStudioVersion = 15.0.28307.1000
MinimumVisualStudioVersion = 10.0.40219.1
Project("{2150E333-8FDC-42A3-9474-1A3956D46DE8}") = "Framework", "Framework", "{75F3C1F8-E92C-4100-B664-78E439CA6DED}"
EndProject
Project("{8BC9CEB8-8B4A-11D0-8D11-00A0C91BC942}") = "Core", "Framework\Core\Core.vcxproj", "{71886C49-DC83-4AA6-AE34-601E516430BF}"
EndProject
Project("{2150E333-8FDC-42A3-9474-1A3956D46DE8}") = "UnitTests", "UnitTests", "{7399A153-40A7-4664-8A18-7670F5B9FDE4}"
EndProject
Project("{8BC9CEB8-8B4A-11D0-8D11-00A0C91BC942}") = "CoreTest", "UnitTests\CoreTest\CoreTest.vcxproj", "{882303E3-63EC-4B43-9907-7B564FD21E28}"
EndProject
Project("{8BC9CEB8-8B4A-11D0-8D11-00A0C91BC942}") = "Math", "Framework\Math\Math.vcxproj", "{557E132E-411D-4464-B981-7F2D9E5B8454}"
EndProject
Project("{8BC9CEB8-8B4A-11D0-8D11-00A0C91BC942}") = "MathTest", "UnitTests\MathTest\MathTest.vcxproj", "{46FE420D-626C-4B43-87FD-082B0ABCECB8}"
EndProject
Project("{2150E333-8FDC-42A3-9474-1A3956D46DE8}") = "Engine", "Engine", "{35F19A9C-21C8-4210-9A6D-D259336ECDCB}"
EndProject
Project("{8BC9CEB8-8B4A-11D0-8D11-00A0C91BC942}") = "KWSE", "Engine\KWSE\KWSE.vcxproj", "{466BF4DA-1793-4AE1-BF07-3499E184BA80}"
EndProject
Project("{2150E333-8FDC-42A3-9474-1A3956D46DE8}") = "VGP242", "VGP242", "{6C57F439-8EAA-497F-BD11-94262D4EBD20}"
EndProject
Project("{8BC9CEB8-8B4A-11D0-8D11-00A0C91BC942}") = "01_HelloWindow", "VGP242\01_HelloWindow\01_HelloWindow.vcxproj", "{8CA78C8D-7C95-4215-B1B4-E86B16F1646E}"
EndProject
Project("{8BC9CEB8-8B4A-11D0-8D11-00A0C91BC942}") = "Graphics", "Framework\Graphics\Graphics.vcxproj", "{A60EB9C2-4738-43E7-BD9D-E3CC9B5E9C34}"
EndProject
Project("{8BC9CEB8-8B4A-11D0-8D11-00A0C91BC942}") = "02_HelloDirectX", "VGP242\02_HelloDirectX\02_HelloDirectX.vcxproj", "{80135703-2A0E-4326-A2DC-39C9F9831309}"
EndProject
Project("{8BC9CEB8-8B4A-11D0-8D11-00A0C91BC942}") = "Input", "Framework\Input\Input.vcxproj", "{361B75BC-C619-4025-AF24-18C01B197AB8}"
EndProject
Project("{2150E333-8FDC-42A3-9474-1A3956D46DE8}") = "External", "External", "{670BC9FB-68B6-4DBB-BCB0-7149D64DCAA8}"
EndProject
Project("{8BC9CEB8-8B4A-11D0-8D11-00A0C91BC942}") = "DirectXTK_Desktop_2017", "External\DirectXTK\DirectXTK_Desktop_2017.vcxproj", "{E0B52AE7-E160-4D32-BF3F-910B785E5A8E}"
EndProject
Project("{8BC9CEB8-8B4A-11D0-8D11-00A0C91BC942}") = "DirectXTKAudio_Desktop_2017_Win8", "External\DirectXTK\Audio\DirectXTKAudio_Desktop_2017_Win8.vcxproj", "{4F150A30-CECB-49D1-8283-6A3F57438CF5}"
EndProject
Global
	GlobalSection(SolutionConfigurationPlatforms) = preSolution
		Debug|x64 = Debug|x64
		Debug|x86 = Debug|x86
		Release|x64 = Release|x64
		Release|x86 = Release|x86
	EndGlobalSection
	GlobalSection(ProjectConfigurationPlatforms) = postSolution
		{71886C49-DC83-4AA6-AE34-601E516430BF}.Debug|x64.ActiveCfg = Debug|x64
		{71886C49-DC83-4AA6-AE34-601E516430BF}.Debug|x64.Build.0 = Debug|x64
		{71886C49-DC83-4AA6-AE34-601E516430BF}.Debug|x86.ActiveCfg = Debug|Win32
		{71886C49-DC83-4AA6-AE34-601E516430BF}.Debug|x86.Build.0 = Debug|Win32
		{71886C49-DC83-4AA6-AE34-601E516430BF}.Release|x64.ActiveCfg = Release|x64
		{71886C49-DC83-4AA6-AE34-601E516430BF}.Release|x64.Build.0 = Release|x64
		{71886C49-DC83-4AA6-AE34-601E516430BF}.Release|x86.ActiveCfg = Release|Win32
		{71886C49-DC83-4AA6-AE34-601E516430BF}.Release|x86.Build.0 = Release|Win32
		{882303E3-63EC-4B43-9907-7B564FD21E28}.Debug|x64.ActiveCfg = Debug|x64
		{882303E3-63EC-4B43-9907-7B564FD21E28}.Debug|x64.Build.0 = Debug|x64
		{882303E3-63EC-4B43-9907-7B564FD21E28}.Debug|x86.ActiveCfg = Debug|Win32
		{882303E3-63EC-4B43-9907-7B564FD21E28}.Debug|x86.Build.0 = Debug|Win32
		{882303E3-63EC-4B43-9907-7B564FD21E28}.Release|x64.ActiveCfg = Release|x64
		{882303E3-63EC-4B43-9907-7B564FD21E28}.Release|x64.Build.0 = Release|x64
		{882303E3-63EC-4B43-9907-7B564FD21E28}.Release|x86.ActiveCfg = Release|Win32
		{882303E3-63EC-4B43-9907-7B564FD21E28}.Release|x86.Build.0 = Release|Win32
		{557E132E-411D-4464-B981-7F2D9E5B8454}.Debug|x64.ActiveCfg = Debug|x64
		{557E132E-411D-4464-B981-7F2D9E5B8454}.Debug|x64.Build.0 = Debug|x64
		{557E132E-411D-4464-B981-7F2D9E5B8454}.Debug|x86.ActiveCfg = Debug|Win32
		{557E132E-411D-4464-B981-7F2D9E5B8454}.Debug|x86.Build.0 = Debug|Win32
		{557E132E-411D-4464-B981-7F2D9E5B8454}.Release|x64.ActiveCfg = Release|x64
		{557E132E-411D-4464-B981-7F2D9E5B8454}.Release|x64.Build.0 = Release|x64
		{557E132E-411D-4464-B981-7F2D9E5B8454}.Release|x86.ActiveCfg = Release|Win32
		{557E132E-411D-4464-B981-7F2D9E5B8454}.Release|x86.Build.0 = Release|Win32
		{46FE420D-626C-4B43-87FD-082B0ABCECB8}.Debug|x64.ActiveCfg = Debug|x64
		{46FE420D-626C-4B43-87FD-082B0ABCECB8}.Debug|x64.Build.0 = Debug|x64
		{46FE420D-626C-4B43-87FD-082B0ABCECB8}.Debug|x86.ActiveCfg = Debug|Win32
		{46FE420D-626C-4B43-87FD-082B0ABCECB8}.Debug|x86.Build.0 = Debug|Win32
		{46FE420D-626C-4B43-87FD-082B0ABCECB8}.Release|x64.ActiveCfg = Release|x64
		{46FE420D-626C-4B43-87FD-082B0ABCECB8}.Release|x64.Build.0 = Release|x64
		{46FE420D-626C-4B43-87FD-082B0ABCECB8}.Release|x86.ActiveCfg = Release|Win32
		{46FE420D-626C-4B43-87FD-082B0ABCECB8}.Release|x86.Build.0 = Release|Win32
		{466BF4DA-1793-4AE1-BF07-3499E184BA80}.Debug|x64.ActiveCfg = Debug|x64
		{466BF4DA-1793-4AE1-BF07-3499E184BA80}.Debug|x64.Build.0 = Debug|x64
		{466BF4DA-1793-4AE1-BF07-3499E184BA80}.Debug|x86.ActiveCfg = Debug|Win32
		{466BF4DA-1793-4AE1-BF07-3499E184BA80}.Debug|x86.Build.0 = Debug|Win32
		{466BF4DA-1793-4AE1-BF07-3499E184BA80}.Release|x64.ActiveCfg = Release|x64
		{466BF4DA-1793-4AE1-BF07-3499E184BA80}.Release|x64.Build.0 = Release|x64
		{466BF4DA-1793-4AE1-BF07-3499E184BA80}.Release|x86.ActiveCfg = Release|Win32
		{466BF4DA-1793-4AE1-BF07-3499E184BA80}.Release|x86.Build.0 = Release|Win32
		{8CA78C8D-7C95-4215-B1B4-E86B16F1646E}.Debug|x64.ActiveCfg = Debug|x64
		{8CA78C8D-7C95-4215-B1B4-E86B16F1646E}.Debug|x64.Build.0 = Debug|x64
		{8CA78C8D-7C95-4215-B1B4-E86B16F1646E}.Debug|x86.ActiveCfg = Debug|Win32
		{8CA78C8D-7C95-4215-B1B4-E86B16F1646E}.Debug|x86.Build.0 = Debug|Win32
		{8CA78C8D-7C95-4215-B1B4-E86B16F1646E}.Release|x64.ActiveCfg = Release|x64
		{8CA78C8D-7C95-4215-B1B4-E86B16F1646E}.Release|x64.Build.0 = Release|x64
		{8CA78C8D-7C95-4215-B1B4-E86B16F1646E}.Release|x86.ActiveCfg = Release|Win32
		{8CA78C8D-7C95-4215-B1B4-E86B16F1646E}.Release|x86.Build.0 = Release|Win32
		{A60EB9C2-4738-43E7-BD9D-E3CC9B5E9C34}.Debug|x64.ActiveCfg = Debug|x64
		{A60EB9C2-4738-43E7-BD9D-E3CC9B5E9C34}.Debug|x64.Build.0 = Debug|x64
		{A60EB9C2-4738-43E7-BD9D-E3CC9B5E9C34}.Debug|x86.ActiveCfg = Debug|Win32
		{A60EB9C2-4738-43E7-BD9D-E3CC9B5E9C34}.Debug|x86.Build.0 = Debug|Win32
		{A60EB9C2-4738-43E7-BD9D-E3CC9B5E9C34}.Release|x64.ActiveCfg = Release|x64
		{A60EB9C2-4738-43E7-BD9D-E3CC9B5E9C34}.Release|x64.Build.0 = Release|x64
		{A60EB9C2-4738-43E7-BD9D-E3CC9B5E9C34}.Release|x86.ActiveCfg = Release|Win32
		{A60EB9C2-4738-43E7-BD9D-E3CC9B5E9C34}.Release|x86.Build.0 = Release|Win32
		{80135703-2A0E-4326-A2DC-39C9F9831309}.Debug|x64.ActiveCfg = Debug|x64
		{80135703-2A0E-4326-A2DC-39C9F9831309}.Debug|x64.Build.0 = Debug|x64
		{80135703-2A0E-4326-A2DC-39C9F9831309}.Debug|x86.ActiveCfg = Debug|Win32
		{80135703-2A0E-4326-A2DC-39C9F9831309}.Debug|x86.Build.0 = Debug|Win32
		{80135703-2A0E-4326-A2DC-39C9F9831309}.Release|x64.ActiveCfg = Release|x64
		{80135703-2A0E-4326-A2DC-39C9F9831309}.Release|x64.Build.0 = Release|x64
		{80135703-2A0E-4326-A2DC-39C9F9831309}.Release|x86.ActiveCfg = Release|Win32
		{80135703-2A0E-4326-A2DC-39C9F9831309}.Release|x86.Build.0 = Release|Win32
		{361B75BC-C619-4025-AF24-18C01B197AB8}.Debug|x64.ActiveCfg = Debug|x64
		{361B75BC-C619-4025-AF24-18C01B197AB8}.Debug|x64.Build.0 = Debug|x64
		{361B75BC-C619-4025-AF24-18C01B197AB8}.Debug|x86.ActiveCfg = Debug|Win32
		{361B75BC-C619-4025-AF24-18C01B197AB8}.Debug|x86.Build.0 = Debug|Win32
		{361B75BC-C619-4025-AF24-18C01B197AB8}.Release|x64.ActiveCfg = Release|x64
		{361B75BC-C619-4025-AF24-18C01B197AB8}.Release|x64.Build.0 = Release|x64
		{361B75BC-C619-4025-AF24-18C01B197AB8}.Release|x86.ActiveCfg = Release|Win32
		{361B75BC-C619-4025-AF24-18C01B197AB8}.Release|x86.Build.0 = Release|Win32
		{E0B52AE7-E160-4D32-BF3F-910B785E5A8E}.Debug|x64.ActiveCfg = Debug|x64
		{E0B52AE7-E160-4D32-BF3F-910B785E5A8E}.Debug|x64.Build.0 = Debug|x64
		{E0B52AE7-E160-4D32-BF3F-910B785E5A8E}.Debug|x86.ActiveCfg = Debug|Win32
		{E0B52AE7-E160-4D32-BF3F-910B785E5A8E}.Debug|x86.Build.0 = Debug|Win32
		{E0B52AE7-E160-4D32-BF3F-910B785E5A8E}.Release|x64.ActiveCfg = Release|x64
		{E0B52AE7-E160-4D32-BF3F-910B785E5A8E}.Release|x64.Build.0 = Release|x64
		{E0B52AE7-E160-4D32-BF3F-910B785E5A8E}.Release|x86.ActiveCfg = Release|Win32
		{E0B52AE7-E160-4D32-BF3F-910B785E5A8E}.Release|x86.Build.0 = Release|Win32
		{4F150A30-CECB-49D1-8283-6A3F57438CF5}.Debug|x64.ActiveCfg = Debug|x64
		{4F150A30-CECB-49D1-8283-6A3F57438CF5}.Debug|x64.Build.0 = Debug|x64
		{4F150A30-CECB-49D1-8283-6A3F57438CF5}.Debug|x86.ActiveCfg = Debug|Win32
		{4F150A30-CECB-49D1-8283-6A3F57438CF5}.Debug|x86.Build.0 = Debug|Win32
		{4F150A30-CECB-49D1-8283-6A3F57438CF5}.Release|x64.ActiveCfg = Release|x64
		{4F150A30-CECB-49D1-8283-6A3F57438CF5}.Release|x64.Build.0 = Release|x64
		{4F150A30-CECB-49D1-8283-6A3F57438CF5}.Release|x86.ActiveCfg = Release|Win32
		{4F150A30-CECB-49D1-8283-6A3F57438CF5}.Release|x86.Build.0 = Release|Win32
	EndGlobalSection
	GlobalSection(SolutionProperties) = preSolution
		HideSolutionNode = FALSE
	EndGlobalSection
	GlobalSection(NestedProjects) = preSolution
		{71886C49-DC83-4AA6-AE34-601E516430BF} = {75F3C1F8-E92C-4100-B664-78E439CA6DED}
		{882303E3-63EC-4B43-9907-7B564FD21E28} = {7399A153-40A7-4664-8A18-7670F5B9FDE4}
		{557E132E-411D-4464-B981-7F2D9E5B8454} = {75F3C1F8-E92C-4100-B664-78E439CA6DED}
		{46FE420D-626C-4B43-87FD-082B0ABCECB8} = {7399A153-40A7-4664-8A18-7670F5B9FDE4}
		{466BF4DA-1793-4AE1-BF07-3499E184BA80} = {35F19A9C-21C8-4210-9A6D-D259336ECDCB}
		{8CA78C8D-7C95-4215-B1B4-E86B16F1646E} = {6C57F439-8EAA-497F-BD11-94262D4EBD20}
		{A60EB9C2-4738-43E7-BD9D-E3CC9B5E9C34} = {75F3C1F8-E92C-4100-B664-78E439CA6DED}
		{80135703-2A0E-4326-A2DC-39C9F9831309} = {6C57F439-8EAA-497F-BD11-94262D4EBD20}
		{361B75BC-C619-4025-AF24-18C01B197AB8} = {75F3C1F8-E92C-4100-B664-78E439CA6DED}
		{E0B52AE7-E160-4D32-BF3F-910B785E5A8E} = {670BC9FB-68B6-4DBB-BCB0-7149D64DCAA8}
		{4F150A30-CECB-49D1-8283-6A3F57438CF5} = {670BC9FB-68B6-4DBB-BCB0-7149D64DCAA8}
	EndGlobalSection
	GlobalSection(ExtensibilityGlobals) = postSolution
		SolutionGuid = {C041DC44-92D1-453E-BCFA-5B9E9DF9D604}
	EndGlobalSection
	GlobalSection(TeamFoundationVersionControl) = preSolution
		SccNumberOfProjects = 12
		SccEnterpriseProvider = {4CA58AB2-18FA-4F8D-95D4-32DDF27D184C}
		SccTeamFoundationServer = https://dev.azure.com/kairusl
		SccLocalPath0 = .
		SccProjectUniqueName1 = Framework\\Core\\Core.vcxproj
		SccProjectTopLevelParentUniqueName1 = KWSE.sln
		SccProjectName1 = Framework/Core
		SccLocalPath1 = Framework\\Core
		SccProjectUniqueName2 = UnitTests\\CoreTest\\CoreTest.vcxproj
		SccProjectTopLevelParentUniqueName2 = KWSE.sln
		SccProjectName2 = UnitTests/CoreTest
		SccLocalPath2 = UnitTests\\CoreTest
		SccProjectUniqueName3 = Framework\\Math\\Math.vcxproj
		SccProjectTopLevelParentUniqueName3 = KWSE.sln
		SccProjectName3 = Framework/Math
		SccLocalPath3 = Framework\\Math
		SccProjectUniqueName4 = UnitTests\\MathTest\\MathTest.vcxproj
		SccProjectTopLevelParentUniqueName4 = KWSE.sln
		SccProjectName4 = UnitTests/MathTest
		SccLocalPath4 = UnitTests\\MathTest
		SccProjectUniqueName5 = Engine\\KWSE\\KWSE.vcxproj
		SccProjectTopLevelParentUniqueName5 = KWSE.sln
		SccProjectName5 = Engine/KWSE
		SccLocalPath5 = Engine\\KWSE
		SccProjectUniqueName6 = VGP242\\01_HelloWindow\\01_HelloWindow.vcxproj
		SccProjectTopLevelParentUniqueName6 = KWSE.sln
		SccProjectName6 = VGP242/01_HelloWindow
		SccLocalPath6 = VGP242\\01_HelloWindow
		SccProjectUniqueName7 = Framework\\Graphics\\Graphics.vcxproj
		SccProjectTopLevelParentUniqueName7 = KWSE.sln
		SccProjectName7 = Framework/Graphics
		SccLocalPath7 = Framework\\Graphics
		SccProjectUniqueName8 = VGP242\\02_HelloDirectX\\02_HelloDirectX.vcxproj
		SccProjectTopLevelParentUniqueName8 = KWSE.sln
		SccProjectName8 = VGP242/02_HelloDirectX
		SccLocalPath8 = VGP242\\02_HelloDirectX
		SccProjectUniqueName9 = Framework\\Input\\Input.vcxproj
		SccProjectTopLevelParentUniqueName9 = KWSE.sln
		SccProjectName9 = Framework/Input
		SccLocalPath9 = Framework\\Input
		SccProjectUniqueName10 = External\\DirectXTK\\DirectXTK_Desktop_2017.vcxproj
		SccProjectTopLevelParentUniqueName10 = KWSE.sln
		SccProjectName10 = External/DirectXTK
		SccLocalPath10 = External\\DirectXTK
		SccProjectUniqueName11 = External\\DirectXTK\\Audio\\DirectXTKAudio_Desktop_2017_Win8.vcxproj
		SccProjectTopLevelParentUniqueName11 = KWSE.sln
		SccProjectName11 = External/DirectXTK/Audio
		SccLocalPath11 = External\\DirectXTK\\Audio
	EndGlobalSection
EndGlobal
