<?xml version="1.0" encoding="utf-8"?>
<Project ToolsVersion="4.0" xmlns="http://schemas.microsoft.com/developer/msbuild/2003">
  <ItemGroup>
    <Filter Include="Inc">
      <UniqueIdentifier>{499d9bab-b912-46e6-aa5c-471adef313b7}</UniqueIdentifier>
    </Filter>
    <Filter Include="Src">
      <UniqueIdentifier>{932017b1-36d5-4e24-b559-9e5de3678077}</UniqueIdentifier>
    </Filter>
  </ItemGroup>
  <ItemGroup>
    <ClInclude Include="Inc\Agent.h">
      <Filter>Inc</Filter>
    </ClInclude>
    <ClInclude Include="Inc\AI.h">
      <Filter>Inc</Filter>
    </ClInclude>
    <ClInclude Include="Inc\AIWorld.h">
      <Filter>Inc</Filter>
    </ClInclude>
    <ClInclude Include="Inc\AlignmentBehavior.h">
      <Filter>Inc</Filter>
    </ClInclude>
    <ClInclude Include="Inc\ArriveBehavior.h">
      <Filter>Inc</Filter>
    </ClInclude>
    <ClInclude Include="Inc\AStar.h">
      <Filter>Inc</Filter>
    </ClInclude>
    <ClInclude Include="Inc\BFS.h">
      <Filter>Inc</Filter>
    </ClInclude>
    <ClInclude Include="Inc\CohesionBehavior.h">
      <Filter>Inc</Filter>
    </ClInclude>
    <ClInclude Include="Inc\Common.h">
      <Filter>Inc</Filter>
    </ClInclude>
    <ClInclude Include="Inc\DecisionModule.h">
      <Filter>Inc</Filter>
    </ClInclude>
    <ClInclude Include="Inc\DFS.h">
      <Filter>Inc</Filter>
    </ClInclude>
    <ClInclude Include="Inc\Dijkstras.h">
      <Filter>Inc</Filter>
    </ClInclude>
    <ClInclude Include="Inc\Entity.h">
      <Filter>Inc</Filter>
    </ClInclude>
    <ClInclude Include="Inc\FleeBehavior.h">
      <Filter>Inc</Filter>
    </ClInclude>
    <ClInclude Include="Inc\Goal.h">
      <Filter>Inc</Filter>
    </ClInclude>
    <ClInclude Include="Inc\GoalComposite.h">
      <Filter>Inc</Filter>
    </ClInclude>
    <ClInclude Include="Inc\Graph.h">
      <Filter>Inc</Filter>
    </ClInclude>
    <ClInclude Include="Inc\HideBehavior.h">
      <Filter>Inc</Filter>
    </ClInclude>
    <ClInclude Include="Inc\MemoryRecord.h">
      <Filter>Inc</Filter>
    </ClInclude>
    <ClInclude Include="Inc\ObstacleAvoidBehavior.h">
      <Filter>Inc</Filter>
    </ClInclude>
    <ClInclude Include="Inc\PartitionGrid.h">
      <Filter>Inc</Filter>
    </ClInclude>
    <ClInclude Include="Inc\PerceptionModule.h">
      <Filter>Inc</Filter>
    </ClInclude>
    <ClInclude Include="Inc\SeekBehavior.h">
      <Filter>Inc</Filter>
    </ClInclude>
    <ClInclude Include="Inc\Sensor.h">
      <Filter>Inc</Filter>
    </ClInclude>
    <ClInclude Include="Inc\SeperationBehavior.h">
      <Filter>Inc</Filter>
    </ClInclude>
    <ClInclude Include="Inc\State.h">
      <Filter>Inc</Filter>
    </ClInclude>
    <ClInclude Include="Inc\StateMachine.h">
      <Filter>Inc</Filter>
    </ClInclude>
    <ClInclude Include="Inc\SteeringBehavior.h">
      <Filter>Inc</Filter>
    </ClInclude>
    <ClInclude Include="Inc\SteeringModule.h">
      <Filter>Inc</Filter>
    </ClInclude>
    <ClInclude Include="Inc\Strategy.h">
      <Filter>Inc</Filter>
    </ClInclude>
    <ClInclude Include="Inc\VisualSensor.h">
      <Filter>Inc</Filter>
    </ClInclude>
    <ClInclude Include="Inc\WanderBehavior.h">
      <Filter>Inc</Filter>
    </ClInclude>
    <ClInclude Include="Src\Precompiled.h">
      <Filter>Src</Filter>
    </ClInclude>
  </ItemGroup>
  <ItemGroup>
    <ClCompile Include="Src\Agent.cpp">
      <Filter>Src</Filter>
    </ClCompile>
    <ClCompile Include="Src\AIWorld.cpp">
      <Filter>Src</Filter>
    </ClCompile>
    <ClCompile Include="Src\AlignmentBehavior.cpp">
      <Filter>Src</Filter>
    </ClCompile>
    <ClCompile Include="Src\ArriveBehavior.cpp">
      <Filter>Src</Filter>
    </ClCompile>
    <ClCompile Include="Src\AStar.cpp">
      <Filter>Src</Filter>
    </ClCompile>
    <ClCompile Include="Src\BFS.cpp">
      <Filter>Src</Filter>
    </ClCompile>
    <ClCompile Include="Src\CohesionBehavior.cpp">
      <Filter>Src</Filter>
    </ClCompile>
    <ClCompile Include="Src\DFS.cpp">
      <Filter>Src</Filter>
    </ClCompile>
    <ClCompile Include="Src\Dijkstras.cpp">
      <Filter>Src</Filter>
    </ClCompile>
    <ClCompile Include="Src\Entity.cpp">
      <Filter>Src</Filter>
    </ClCompile>
    <ClCompile Include="Src\FleeBehavior.cpp">
      <Filter>Src</Filter>
    </ClCompile>
    <ClCompile Include="Src\Graph.cpp">
      <Filter>Src</Filter>
    </ClCompile>
    <ClCompile Include="Src\HideBehavior.cpp">
      <Filter>Src</Filter>
    </ClCompile>
    <ClCompile Include="Src\ObstacleAvoidBehavior.cpp">
      <Filter>Src</Filter>
    </ClCompile>
    <ClCompile Include="Src\PerceptionModule.cpp">
      <Filter>Src</Filter>
    </ClCompile>
    <ClCompile Include="Src\Precompiled.cpp">
      <Filter>Src</Filter>
    </ClCompile>
    <ClCompile Include="Src\SeekBehavior.cpp">
      <Filter>Src</Filter>
    </ClCompile>
    <ClCompile Include="Src\SeperationBehavior.cpp">
      <Filter>Src</Filter>
    </ClCompile>
    <ClCompile Include="Src\SteeringModule.cpp">
      <Filter>Src</Filter>
    </ClCompile>
    <ClCompile Include="Src\VisualSensor.cpp">
      <Filter>Src</Filter>
    </ClCompile>
    <ClCompile Include="Src\WanderBehavior.cpp">
      <Filter>Src</Filter>
    </ClCompile>
  </ItemGroup>
</Project>